// !$*UTF8*$!
{
	archiveVersion = 1;
	classes = {
	};
	objectVersion = 46;
	objects = {

/* Begin PBXBuildFile section */
		73258EE41BF285F90034C0B8 /* Nimble.framework in Frameworks */ = {isa = PBXBuildFile; fileRef = 73258EAE1BF285840034C0B8 /* Nimble.framework */; };
		73258EE51BF285F90034C0B8 /* Quick.framework in Frameworks */ = {isa = PBXBuildFile; fileRef = 73258EC21BF2858D0034C0B8 /* Quick.framework */; };
		73258EE71BF286160034C0B8 /* Quick.framework in Copy Embedded Frameworks */ = {isa = PBXBuildFile; fileRef = 73258EC21BF2858D0034C0B8 /* Quick.framework */; settings = {ATTRIBUTES = (CodeSignOnCopy, RemoveHeadersOnCopy, ); }; };
		73258EE81BF286310034C0B8 /* Nimble.framework in Copy Embedded Frameworks */ = {isa = PBXBuildFile; fileRef = 73258EAE1BF285840034C0B8 /* Nimble.framework */; settings = {ATTRIBUTES = (CodeSignOnCopy, RemoveHeadersOnCopy, ); }; };
		734AB77A1BEFFEC6007B7A64 /* main.swift in Sources */ = {isa = PBXBuildFile; fileRef = 734AB7791BEFFEC6007B7A64 /* main.swift */; };
		73C609371BF0E50A003085CF /* Application.swift in Sources */ = {isa = PBXBuildFile; fileRef = 73C609361BF0E50A003085CF /* Application.swift */; };
		73C609381BF0E50A003085CF /* Application.swift in Sources */ = {isa = PBXBuildFile; fileRef = 73C609361BF0E50A003085CF /* Application.swift */; };
		73C6093A1BF0E668003085CF /* Settings.swift in Sources */ = {isa = PBXBuildFile; fileRef = 73C609391BF0E668003085CF /* Settings.swift */; };
		73C6093B1BF0E668003085CF /* Settings.swift in Sources */ = {isa = PBXBuildFile; fileRef = 73C609391BF0E668003085CF /* Settings.swift */; };
		73C6093D1BF0E674003085CF /* Options.swift in Sources */ = {isa = PBXBuildFile; fileRef = 73C6093C1BF0E674003085CF /* Options.swift */; };
		73C6093E1BF0E674003085CF /* Options.swift in Sources */ = {isa = PBXBuildFile; fileRef = 73C6093C1BF0E674003085CF /* Options.swift */; };
		73CB25031BF1F1540095381B /* String+Appledoc.swift in Sources */ = {isa = PBXBuildFile; fileRef = 73CB25021BF1F1540095381B /* String+Appledoc.swift */; };
		73CB25071BF1F15C0095381B /* ApplicationInfoProvider.swift in Sources */ = {isa = PBXBuildFile; fileRef = 73CB25041BF1F15C0095381B /* ApplicationInfoProvider.swift */; };
		73CB25081BF1F15C0095381B /* Logger.swift in Sources */ = {isa = PBXBuildFile; fileRef = 73CB25051BF1F15C0095381B /* Logger.swift */; };
		73CB250D1BF1F1A50095381B /* ApplicationVersion-AutoGenerated!.swift in Sources */ = {isa = PBXBuildFile; fileRef = 73CB250C1BF1F1A50095381B /* ApplicationVersion-AutoGenerated!.swift */; };
		73CB250E1BF1F1A50095381B /* ApplicationVersion-AutoGenerated!.swift in Sources */ = {isa = PBXBuildFile; fileRef = 73CB250C1BF1F1A50095381B /* ApplicationVersion-AutoGenerated!.swift */; };
		73CB25101BF1F30E0095381B /* ApplicationInfoProvider.swift in Sources */ = {isa = PBXBuildFile; fileRef = 73CB25041BF1F15C0095381B /* ApplicationInfoProvider.swift */; };
		73CB25111BF1F3110095381B /* Logger.swift in Sources */ = {isa = PBXBuildFile; fileRef = 73CB25051BF1F15C0095381B /* Logger.swift */; };
		73CB25131BF1F31B0095381B /* String+Appledoc.swift in Sources */ = {isa = PBXBuildFile; fileRef = 73CB25021BF1F1540095381B /* String+Appledoc.swift */; };
		73CB25211BF20D150095381B /* GBCommandLineParser.m in Sources */ = {isa = PBXBuildFile; fileRef = 73CB25191BF20D150095381B /* GBCommandLineParser.m */; };
		73CB25221BF20D150095381B /* GBOptionsHelper.m in Sources */ = {isa = PBXBuildFile; fileRef = 73CB251B1BF20D150095381B /* GBOptionsHelper.m */; };
		73CB25231BF20D150095381B /* GBPrint.m in Sources */ = {isa = PBXBuildFile; fileRef = 73CB251D1BF20D150095381B /* GBPrint.m */; };
		73CB25241BF20D150095381B /* GBSettings.m in Sources */ = {isa = PBXBuildFile; fileRef = 73CB251F1BF20D150095381B /* GBSettings.m */; };
		73CB25251BF20D150095381B /* SwiftyOptions.swift in Sources */ = {isa = PBXBuildFile; fileRef = 73CB25201BF20D150095381B /* SwiftyOptions.swift */; };
		73CB25271BF20D450095381B /* GBCommandLineParser.m in Sources */ = {isa = PBXBuildFile; fileRef = 73CB25191BF20D150095381B /* GBCommandLineParser.m */; };
		73CB25281BF20D450095381B /* GBOptionsHelper.m in Sources */ = {isa = PBXBuildFile; fileRef = 73CB251B1BF20D150095381B /* GBOptionsHelper.m */; };
		73CB25291BF20D450095381B /* GBPrint.m in Sources */ = {isa = PBXBuildFile; fileRef = 73CB251D1BF20D150095381B /* GBPrint.m */; };
		73CB252A1BF20D450095381B /* GBSettings.m in Sources */ = {isa = PBXBuildFile; fileRef = 73CB251F1BF20D150095381B /* GBSettings.m */; };
		73CB252B1BF20D450095381B /* SwiftyOptions.swift in Sources */ = {isa = PBXBuildFile; fileRef = 73CB25201BF20D150095381B /* SwiftyOptions.swift */; };
		73E31CF91BF3AA5000AFEBFC /* Parser.swift in Sources */ = {isa = PBXBuildFile; fileRef = 73E31CF81BF3AA5000AFEBFC /* Parser.swift */; };
		73E31CFA1BF3AA5000AFEBFC /* Parser.swift in Sources */ = {isa = PBXBuildFile; fileRef = 73E31CF81BF3AA5000AFEBFC /* Parser.swift */; };
		73E31D0B1BF3AA5E00AFEBFC /* Processor.swift in Sources */ = {isa = PBXBuildFile; fileRef = 73E31D0A1BF3AA5E00AFEBFC /* Processor.swift */; };
		73E31D0C1BF3AA5E00AFEBFC /* Processor.swift in Sources */ = {isa = PBXBuildFile; fileRef = 73E31D0A1BF3AA5E00AFEBFC /* Processor.swift */; };
		73E31D0E1BF3AA6E00AFEBFC /* Generator.swift in Sources */ = {isa = PBXBuildFile; fileRef = 73E31D0D1BF3AA6E00AFEBFC /* Generator.swift */; };
		73E31D0F1BF3AA6E00AFEBFC /* Generator.swift in Sources */ = {isa = PBXBuildFile; fileRef = 73E31D0D1BF3AA6E00AFEBFC /* Generator.swift */; };
		73E31D141BF3AB1C00AFEBFC /* Store.swift in Sources */ = {isa = PBXBuildFile; fileRef = 73E31D131BF3AB1C00AFEBFC /* Store.swift */; };
		73E31D151BF3AB1C00AFEBFC /* Store.swift in Sources */ = {isa = PBXBuildFile; fileRef = 73E31D131BF3AB1C00AFEBFC /* Store.swift */; };
		73E31D171BF3AD7100AFEBFC /* CommandLineParser.swift in Sources */ = {isa = PBXBuildFile; fileRef = 73E31D161BF3AD7100AFEBFC /* CommandLineParser.swift */; };
		73E31D181BF3AD7100AFEBFC /* CommandLineParser.swift in Sources */ = {isa = PBXBuildFile; fileRef = 73E31D161BF3AD7100AFEBFC /* CommandLineParser.swift */; };
		73E31D1A1BF3EBAA00AFEBFC /* Task.swift in Sources */ = {isa = PBXBuildFile; fileRef = 73E31D191BF3EBAA00AFEBFC /* Task.swift */; };
		73E31D1B1BF3EBAA00AFEBFC /* Task.swift in Sources */ = {isa = PBXBuildFile; fileRef = 73E31D191BF3EBAA00AFEBFC /* Task.swift */; };
		73E31D1D1BF3EEF400AFEBFC /* Result.swift in Sources */ = {isa = PBXBuildFile; fileRef = 73E31D1C1BF3EEF400AFEBFC /* Result.swift */; };
		73E31D1E1BF3EEF400AFEBFC /* Result.swift in Sources */ = {isa = PBXBuildFile; fileRef = 73E31D1C1BF3EEF400AFEBFC /* Result.swift */; };
		73E31D251BF4DA5A00AFEBFC /* ApplicationSpec.swift in Sources */ = {isa = PBXBuildFile; fileRef = 73E31D241BF4DA5A00AFEBFC /* ApplicationSpec.swift */; };
		73E31D271BF4DA6300AFEBFC /* Application+Tests.swift in Sources */ = {isa = PBXBuildFile; fileRef = 73E31D261BF4DA6300AFEBFC /* Application+Tests.swift */; };
		73E31D291BF4DCF600AFEBFC /* CommandLineParser+Tests.swift in Sources */ = {isa = PBXBuildFile; fileRef = 73E31D281BF4DCF600AFEBFC /* CommandLineParser+Tests.swift */; };
		73E31D2B1BF4E33A00AFEBFC /* Parser+Tests.swift in Sources */ = {isa = PBXBuildFile; fileRef = 73E31D2A1BF4E33A00AFEBFC /* Parser+Tests.swift */; };
		73E31D2D1BF4E59200AFEBFC /* Processor+Tests.swift in Sources */ = {isa = PBXBuildFile; fileRef = 73E31D2C1BF4E59200AFEBFC /* Processor+Tests.swift */; };
		73E31D2F1BF4E6B400AFEBFC /* Generator+Tests.swift in Sources */ = {isa = PBXBuildFile; fileRef = 73E31D2E1BF4E6B400AFEBFC /* Generator+Tests.swift */; };
		73F386E51BF0063A0044BDBF /* main.swift in Sources */ = {isa = PBXBuildFile; fileRef = 734AB7791BEFFEC6007B7A64 /* main.swift */; };
/* End PBXBuildFile section */

/* Begin PBXContainerItemProxy section */
		73258EA91BF285840034C0B8 /* PBXContainerItemProxy */ = {
			isa = PBXContainerItemProxy;
			containerPortal = 73258EA01BF285840034C0B8 /* Nimble.xcodeproj */;
			proxyType = 2;
			remoteGlobalIDString = 1F1A74291940169200FFFC47;
			remoteInfo = "Nimble-iOS";
		};
		73258EAB1BF285840034C0B8 /* PBXContainerItemProxy */ = {
			isa = PBXContainerItemProxy;
			containerPortal = 73258EA01BF285840034C0B8 /* Nimble.xcodeproj */;
			proxyType = 2;
			remoteGlobalIDString = 1F1A74341940169200FFFC47;
			remoteInfo = "Nimble-iOSTests";
		};
		73258EAD1BF285840034C0B8 /* PBXContainerItemProxy */ = {
			isa = PBXContainerItemProxy;
			containerPortal = 73258EA01BF285840034C0B8 /* Nimble.xcodeproj */;
			proxyType = 2;
			remoteGlobalIDString = 1F925EAD195C0D6300ED456B;
			remoteInfo = "Nimble-OSX";
		};
		73258EAF1BF285840034C0B8 /* PBXContainerItemProxy */ = {
			isa = PBXContainerItemProxy;
			containerPortal = 73258EA01BF285840034C0B8 /* Nimble.xcodeproj */;
			proxyType = 2;
			remoteGlobalIDString = 1F925EB7195C0D6300ED456B;
			remoteInfo = "Nimble-OSXTests";
		};
		73258EB11BF285840034C0B8 /* PBXContainerItemProxy */ = {
			isa = PBXContainerItemProxy;
			containerPortal = 73258EA01BF285840034C0B8 /* Nimble.xcodeproj */;
			proxyType = 2;
			remoteGlobalIDString = 1F5DF1551BDCA0CE00C3A531;
			remoteInfo = "Nimble-tvOS";
		};
		73258EB31BF285840034C0B8 /* PBXContainerItemProxy */ = {
			isa = PBXContainerItemProxy;
			containerPortal = 73258EA01BF285840034C0B8 /* Nimble.xcodeproj */;
			proxyType = 2;
			remoteGlobalIDString = 1F5DF15E1BDCA0CE00C3A531;
			remoteInfo = "Nimble-tvOSTests";
		};
		73258EC11BF2858D0034C0B8 /* PBXContainerItemProxy */ = {
			isa = PBXContainerItemProxy;
			containerPortal = 73258EB51BF2858C0034C0B8 /* Quick.xcodeproj */;
			proxyType = 2;
			remoteGlobalIDString = DAEB6B8E1943873100289F44;
			remoteInfo = "Quick-OSX";
		};
		73258EC31BF2858D0034C0B8 /* PBXContainerItemProxy */ = {
			isa = PBXContainerItemProxy;
			containerPortal = 73258EB51BF2858C0034C0B8 /* Quick.xcodeproj */;
			proxyType = 2;
			remoteGlobalIDString = DAEB6B991943873100289F44;
			remoteInfo = "Quick-OSXTests";
		};
		73258EC51BF2858D0034C0B8 /* PBXContainerItemProxy */ = {
			isa = PBXContainerItemProxy;
			containerPortal = 73258EB51BF2858C0034C0B8 /* Quick.xcodeproj */;
			proxyType = 2;
			remoteGlobalIDString = DA5663E81A4C8D8500193C88;
			remoteInfo = "QuickFocused-OSXTests";
		};
		73258EC71BF2858D0034C0B8 /* PBXContainerItemProxy */ = {
			isa = PBXContainerItemProxy;
			containerPortal = 73258EB51BF2858C0034C0B8 /* Quick.xcodeproj */;
			proxyType = 2;
			remoteGlobalIDString = 5A5D117C19473F2100F6D13D;
			remoteInfo = "Quick-iOS";
		};
		73258EC91BF2858D0034C0B8 /* PBXContainerItemProxy */ = {
			isa = PBXContainerItemProxy;
			containerPortal = 73258EB51BF2858C0034C0B8 /* Quick.xcodeproj */;
			proxyType = 2;
			remoteGlobalIDString = 5A5D118619473F2100F6D13D;
			remoteInfo = "Quick-iOSTests";
		};
		73258ECB1BF2858D0034C0B8 /* PBXContainerItemProxy */ = {
			isa = PBXContainerItemProxy;
			containerPortal = 73258EB51BF2858C0034C0B8 /* Quick.xcodeproj */;
			proxyType = 2;
			remoteGlobalIDString = DA9876B21A4C70EB0004AA17;
			remoteInfo = "QuickFocused-iOSTests";
		};
		73258ECD1BF2858D0034C0B8 /* PBXContainerItemProxy */ = {
			isa = PBXContainerItemProxy;
			containerPortal = 73258EB51BF2858C0034C0B8 /* Quick.xcodeproj */;
			proxyType = 2;
			remoteGlobalIDString = 1F118CD51BDCA4AB005013A2;
			remoteInfo = "Quick-tvOS";
		};
		73258ECF1BF2858D0034C0B8 /* PBXContainerItemProxy */ = {
			isa = PBXContainerItemProxy;
			containerPortal = 73258EB51BF2858C0034C0B8 /* Quick.xcodeproj */;
			proxyType = 2;
			remoteGlobalIDString = 1F118CDE1BDCA4AB005013A2;
			remoteInfo = "Quick-tvOSTests";
		};
		73258ED11BF2858D0034C0B8 /* PBXContainerItemProxy */ = {
			isa = PBXContainerItemProxy;
			containerPortal = 73258EB51BF2858C0034C0B8 /* Quick.xcodeproj */;
			proxyType = 2;
			remoteGlobalIDString = 1F118CF01BDCA4BB005013A2;
			remoteInfo = "QuickFocused-tvOSTests";
		};
		73258EF31BF287D60034C0B8 /* PBXContainerItemProxy */ = {
			isa = PBXContainerItemProxy;
			containerPortal = 734AB76E1BEFFEC6007B7A64 /* Project object */;
			proxyType = 1;
			remoteGlobalIDString = 734AB7751BEFFEC6007B7A64;
			remoteInfo = appledoc;
		};
/* End PBXContainerItemProxy section */

/* Begin PBXCopyFilesBuildPhase section */
		73258EE61BF285FE0034C0B8 /* Copy Embedded Frameworks */ = {
			isa = PBXCopyFilesBuildPhase;
			buildActionMask = 2147483647;
			dstPath = "";
			dstSubfolderSpec = 7;
			files = (
				73258EE81BF286310034C0B8 /* Nimble.framework in Copy Embedded Frameworks */,
				73258EE71BF286160034C0B8 /* Quick.framework in Copy Embedded Frameworks */,
			);
			name = "Copy Embedded Frameworks";
			runOnlyForDeploymentPostprocessing = 0;
		};
/* End PBXCopyFilesBuildPhase section */

/* Begin PBXFileReference section */
		552CDB9163AFC0017C08F8AF /* Pods_tests.framework */ = {isa = PBXFileReference; explicitFileType = wrapper.framework; includeInIndex = 0; path = Pods_tests.framework; sourceTree = BUILT_PRODUCTS_DIR; };
		73258EA01BF285840034C0B8 /* Nimble.xcodeproj */ = {isa = PBXFileReference; lastKnownFileType = "wrapper.pb-project"; path = Nimble.xcodeproj; sourceTree = "<group>"; };
		73258EB51BF2858C0034C0B8 /* Quick.xcodeproj */ = {isa = PBXFileReference; lastKnownFileType = "wrapper.pb-project"; path = Quick.xcodeproj; sourceTree = "<group>"; };
		734AB7761BEFFEC6007B7A64 /* appledoc */ = {isa = PBXFileReference; explicitFileType = "compiled.mach-o.executable"; includeInIndex = 0; path = appledoc; sourceTree = BUILT_PRODUCTS_DIR; };
		734AB7791BEFFEC6007B7A64 /* main.swift */ = {isa = PBXFileReference; lastKnownFileType = sourcecode.swift; path = main.swift; sourceTree = "<group>"; };
		7360B58E1BF237CA00ABA57D /* Readme.md */ = {isa = PBXFileReference; lastKnownFileType = net.daringfireball.markdown; path = Readme.md; sourceTree = "<group>"; };
		7360B5911BF239FD00ABA57D /* Contribution Guide.md */ = {isa = PBXFileReference; lastKnownFileType = net.daringfireball.markdown; name = "Contribution Guide.md"; path = "documents/Contribution Guide.md"; sourceTree = "<group>"; };
		7360B5921BF239FD00ABA57D /* Style Guide.md */ = {isa = PBXFileReference; lastKnownFileType = net.daringfireball.markdown; name = "Style Guide.md"; path = "documents/Style Guide.md"; sourceTree = "<group>"; };
		73C609361BF0E50A003085CF /* Application.swift */ = {isa = PBXFileReference; fileEncoding = 4; lastKnownFileType = sourcecode.swift; path = Application.swift; sourceTree = "<group>"; };
		73C609391BF0E668003085CF /* Settings.swift */ = {isa = PBXFileReference; fileEncoding = 4; lastKnownFileType = sourcecode.swift; path = Settings.swift; sourceTree = "<group>"; };
		73C6093C1BF0E674003085CF /* Options.swift */ = {isa = PBXFileReference; fileEncoding = 4; lastKnownFileType = sourcecode.swift; path = Options.swift; sourceTree = "<group>"; };
		73CB25021BF1F1540095381B /* String+Appledoc.swift */ = {isa = PBXFileReference; fileEncoding = 4; lastKnownFileType = sourcecode.swift; path = "String+Appledoc.swift"; sourceTree = "<group>"; };
		73CB25041BF1F15C0095381B /* ApplicationInfoProvider.swift */ = {isa = PBXFileReference; fileEncoding = 4; lastKnownFileType = sourcecode.swift; path = ApplicationInfoProvider.swift; sourceTree = "<group>"; };
		73CB25051BF1F15C0095381B /* Logger.swift */ = {isa = PBXFileReference; fileEncoding = 4; lastKnownFileType = sourcecode.swift; path = Logger.swift; sourceTree = "<group>"; };
		73CB250C1BF1F1A50095381B /* ApplicationVersion-AutoGenerated!.swift */ = {isa = PBXFileReference; fileEncoding = 4; lastKnownFileType = sourcecode.swift; path = "ApplicationVersion-AutoGenerated!.swift"; sourceTree = "<group>"; };
		73CB25171BF20D150095381B /* GBCli.h */ = {isa = PBXFileReference; fileEncoding = 4; lastKnownFileType = sourcecode.c.h; path = GBCli.h; sourceTree = "<group>"; };
		73CB25181BF20D150095381B /* GBCommandLineParser.h */ = {isa = PBXFileReference; fileEncoding = 4; lastKnownFileType = sourcecode.c.h; path = GBCommandLineParser.h; sourceTree = "<group>"; };
		73CB25191BF20D150095381B /* GBCommandLineParser.m */ = {isa = PBXFileReference; fileEncoding = 4; lastKnownFileType = sourcecode.c.objc; path = GBCommandLineParser.m; sourceTree = "<group>"; };
		73CB251A1BF20D150095381B /* GBOptionsHelper.h */ = {isa = PBXFileReference; fileEncoding = 4; lastKnownFileType = sourcecode.c.h; path = GBOptionsHelper.h; sourceTree = "<group>"; };
		73CB251B1BF20D150095381B /* GBOptionsHelper.m */ = {isa = PBXFileReference; fileEncoding = 4; lastKnownFileType = sourcecode.c.objc; path = GBOptionsHelper.m; sourceTree = "<group>"; };
		73CB251C1BF20D150095381B /* GBPrint.h */ = {isa = PBXFileReference; fileEncoding = 4; lastKnownFileType = sourcecode.c.h; path = GBPrint.h; sourceTree = "<group>"; };
		73CB251D1BF20D150095381B /* GBPrint.m */ = {isa = PBXFileReference; fileEncoding = 4; lastKnownFileType = sourcecode.c.objc; path = GBPrint.m; sourceTree = "<group>"; };
		73CB251E1BF20D150095381B /* GBSettings.h */ = {isa = PBXFileReference; fileEncoding = 4; lastKnownFileType = sourcecode.c.h; path = GBSettings.h; sourceTree = "<group>"; };
		73CB251F1BF20D150095381B /* GBSettings.m */ = {isa = PBXFileReference; fileEncoding = 4; lastKnownFileType = sourcecode.c.objc; path = GBSettings.m; sourceTree = "<group>"; };
		73CB25201BF20D150095381B /* SwiftyOptions.swift */ = {isa = PBXFileReference; fileEncoding = 4; lastKnownFileType = sourcecode.swift; path = SwiftyOptions.swift; sourceTree = "<group>"; };
		73CB25261BF20D2F0095381B /* appledoc-Bridging-Header.h */ = {isa = PBXFileReference; fileEncoding = 4; lastKnownFileType = sourcecode.c.h; path = "appledoc-Bridging-Header.h"; sourceTree = "<group>"; };
		73E31CF81BF3AA5000AFEBFC /* Parser.swift */ = {isa = PBXFileReference; fileEncoding = 4; lastKnownFileType = sourcecode.swift; path = Parser.swift; sourceTree = "<group>"; };
		73E31D0A1BF3AA5E00AFEBFC /* Processor.swift */ = {isa = PBXFileReference; fileEncoding = 4; lastKnownFileType = sourcecode.swift; path = Processor.swift; sourceTree = "<group>"; };
		73E31D0D1BF3AA6E00AFEBFC /* Generator.swift */ = {isa = PBXFileReference; fileEncoding = 4; lastKnownFileType = sourcecode.swift; path = Generator.swift; sourceTree = "<group>"; };
		73E31D131BF3AB1C00AFEBFC /* Store.swift */ = {isa = PBXFileReference; fileEncoding = 4; lastKnownFileType = sourcecode.swift; path = Store.swift; sourceTree = "<group>"; };
		73E31D161BF3AD7100AFEBFC /* CommandLineParser.swift */ = {isa = PBXFileReference; fileEncoding = 4; lastKnownFileType = sourcecode.swift; path = CommandLineParser.swift; sourceTree = "<group>"; };
		73E31D191BF3EBAA00AFEBFC /* Task.swift */ = {isa = PBXFileReference; fileEncoding = 4; lastKnownFileType = sourcecode.swift; path = Task.swift; sourceTree = "<group>"; };
		73E31D1C1BF3EEF400AFEBFC /* Result.swift */ = {isa = PBXFileReference; fileEncoding = 4; lastKnownFileType = sourcecode.swift; path = Result.swift; sourceTree = "<group>"; };
		73E31D241BF4DA5A00AFEBFC /* ApplicationSpec.swift */ = {isa = PBXFileReference; fileEncoding = 4; lastKnownFileType = sourcecode.swift; path = ApplicationSpec.swift; sourceTree = "<group>"; };
		73E31D261BF4DA6300AFEBFC /* Application+Tests.swift */ = {isa = PBXFileReference; fileEncoding = 4; lastKnownFileType = sourcecode.swift; path = "Application+Tests.swift"; sourceTree = "<group>"; };
		73E31D281BF4DCF600AFEBFC /* CommandLineParser+Tests.swift */ = {isa = PBXFileReference; fileEncoding = 4; lastKnownFileType = sourcecode.swift; path = "CommandLineParser+Tests.swift"; sourceTree = "<group>"; };
		73E31D2A1BF4E33A00AFEBFC /* Parser+Tests.swift */ = {isa = PBXFileReference; fileEncoding = 4; lastKnownFileType = sourcecode.swift; path = "Parser+Tests.swift"; sourceTree = "<group>"; };
		73E31D2C1BF4E59200AFEBFC /* Processor+Tests.swift */ = {isa = PBXFileReference; fileEncoding = 4; lastKnownFileType = sourcecode.swift; path = "Processor+Tests.swift"; sourceTree = "<group>"; };
		73E31D2E1BF4E6B400AFEBFC /* Generator+Tests.swift */ = {isa = PBXFileReference; fileEncoding = 4; lastKnownFileType = sourcecode.swift; path = "Generator+Tests.swift"; sourceTree = "<group>"; };
		73F386DC1BF004520044BDBF /* tests.xctest */ = {isa = PBXFileReference; explicitFileType = wrapper.cfbundle; includeInIndex = 0; path = tests.xctest; sourceTree = BUILT_PRODUCTS_DIR; };
		73F386E01BF004520044BDBF /* Info.plist */ = {isa = PBXFileReference; lastKnownFileType = text.plist.xml; path = Info.plist; sourceTree = "<group>"; };
		A14907C821B9AD6BFAABC442 /* Pods.framework */ = {isa = PBXFileReference; explicitFileType = wrapper.framework; includeInIndex = 0; path = Pods.framework; sourceTree = BUILT_PRODUCTS_DIR; };
/* End PBXFileReference section */

/* Begin PBXFrameworksBuildPhase section */
		734AB7731BEFFEC6007B7A64 /* Frameworks */ = {
			isa = PBXFrameworksBuildPhase;
			buildActionMask = 2147483647;
			files = (
			);
			runOnlyForDeploymentPostprocessing = 0;
		};
		73F386D91BF004520044BDBF /* Frameworks */ = {
			isa = PBXFrameworksBuildPhase;
			buildActionMask = 2147483647;
			files = (
				73258EE41BF285F90034C0B8 /* Nimble.framework in Frameworks */,
				73258EE51BF285F90034C0B8 /* Quick.framework in Frameworks */,
			);
			runOnlyForDeploymentPostprocessing = 0;
		};
/* End PBXFrameworksBuildPhase section */

/* Begin PBXGroup section */
		02D10E741F400ACBDD7774F0 /* Frameworks */ = {
			isa = PBXGroup;
			children = (
				A14907C821B9AD6BFAABC442 /* Pods.framework */,
				552CDB9163AFC0017C08F8AF /* Pods_tests.framework */,
			);
			name = Frameworks;
			sourceTree = "<group>";
		};
		73258E9E1BF285580034C0B8 /* Nimble */ = {
			isa = PBXGroup;
			children = (
				73258EA01BF285840034C0B8 /* Nimble.xcodeproj */,
			);
			path = Nimble;
			sourceTree = "<group>";
		};
		73258E9F1BF2855E0034C0B8 /* Quick */ = {
			isa = PBXGroup;
			children = (
				73258EB51BF2858C0034C0B8 /* Quick.xcodeproj */,
			);
			path = Quick;
			sourceTree = "<group>";
		};
		73258EA11BF285840034C0B8 /* Products */ = {
			isa = PBXGroup;
			children = (
				73258EAA1BF285840034C0B8 /* Nimble.framework */,
				73258EAC1BF285840034C0B8 /* NimbleTests.xctest */,
				73258EAE1BF285840034C0B8 /* Nimble.framework */,
				73258EB01BF285840034C0B8 /* NimbleTests.xctest */,
				73258EB21BF285840034C0B8 /* Nimble.framework */,
				73258EB41BF285840034C0B8 /* NimbleTests.xctest */,
			);
			name = Products;
			sourceTree = "<group>";
		};
		73258EB61BF2858C0034C0B8 /* Products */ = {
			isa = PBXGroup;
			children = (
				73258EC21BF2858D0034C0B8 /* Quick.framework */,
				73258EC41BF2858D0034C0B8 /* Quick-OSXTests.xctest */,
				73258EC61BF2858D0034C0B8 /* QuickFocused-OSXTests.xctest */,
				73258EC81BF2858D0034C0B8 /* Quick.framework */,
				73258ECA1BF2858D0034C0B8 /* Quick-iOSTests.xctest */,
				73258ECC1BF2858D0034C0B8 /* QuickFocused-iOSTests.xctest */,
				73258ECE1BF2858D0034C0B8 /* Quick.framework */,
				73258ED01BF2858D0034C0B8 /* Quick-tvOSTests.xctest */,
				73258ED21BF2858D0034C0B8 /* QuickFocused-tvOSTests.xctest */,
			);
			name = Products;
			sourceTree = "<group>";
		};
		734AB76D1BEFFEC6007B7A64 = {
			isa = PBXGroup;
			children = (
				7360B58E1BF237CA00ABA57D /* Readme.md */,
				7360B5921BF239FD00ABA57D /* Style Guide.md */,
				7360B5911BF239FD00ABA57D /* Contribution Guide.md */,
				734AB7781BEFFEC6007B7A64 /* appledoc */,
				73F386DD1BF004520044BDBF /* tests */,
				734AB7771BEFFEC6007B7A64 /* Products */,
				02D10E741F400ACBDD7774F0 /* Frameworks */,
			);
			sourceTree = "<group>";
		};
		734AB7771BEFFEC6007B7A64 /* Products */ = {
			isa = PBXGroup;
			children = (
				734AB7761BEFFEC6007B7A64 /* appledoc */,
				73F386DC1BF004520044BDBF /* tests.xctest */,
			);
			name = Products;
			sourceTree = "<group>";
		};
		734AB7781BEFFEC6007B7A64 /* appledoc */ = {
			isa = PBXGroup;
			children = (
				73C6093F1BF0EA45003085CF /* Common */,
				73CB24FF1BF1F0EC0095381B /* Store */,
				73CB24FC1BF1F0D60095381B /* Parser */,
				7360B5AA1BF24DE400ABA57D /* Processor */,
				7360B5A91BF24D1F00ABA57D /* Generator */,
				73C609351BF0E4ED003085CF /* Application */,
				734AB7791BEFFEC6007B7A64 /* main.swift */,
			);
			path = appledoc;
			sourceTree = "<group>";
		};
		7360B5A91BF24D1F00ABA57D /* Generator */ = {
			isa = PBXGroup;
			children = (
				73E31D0D1BF3AA6E00AFEBFC /* Generator.swift */,
			);
			path = Generator;
			sourceTree = "<group>";
		};
		7360B5AA1BF24DE400ABA57D /* Processor */ = {
			isa = PBXGroup;
			children = (
				73E31D0A1BF3AA5E00AFEBFC /* Processor.swift */,
			);
			path = Processor;
			sourceTree = "<group>";
		};
		73C609351BF0E4ED003085CF /* Application */ = {
			isa = PBXGroup;
			children = (
				73C609361BF0E50A003085CF /* Application.swift */,
				73C609391BF0E668003085CF /* Settings.swift */,
				73C6093C1BF0E674003085CF /* Options.swift */,
				73E31D161BF3AD7100AFEBFC /* CommandLineParser.swift */,
			);
			path = Application;
			sourceTree = "<group>";
		};
		73C6093F1BF0EA45003085CF /* Common */ = {
			isa = PBXGroup;
			children = (
				73CB25011BF1F1190095381B /* Extensions */,
				73CB25001BF1F1120095381B /* Utilities */,
				73CB250B1BF1F1840095381B /* Support */,
				73CB25141BF20C990095381B /* Third Party */,
			);
			path = Common;
			sourceTree = "<group>";
		};
		73CB24FC1BF1F0D60095381B /* Parser */ = {
			isa = PBXGroup;
			children = (
				73E31CF81BF3AA5000AFEBFC /* Parser.swift */,
			);
			path = Parser;
			sourceTree = "<group>";
		};
		73CB24FF1BF1F0EC0095381B /* Store */ = {
			isa = PBXGroup;
			children = (
				73E31D131BF3AB1C00AFEBFC /* Store.swift */,
			);
			path = Store;
			sourceTree = "<group>";
		};
		73CB25001BF1F1120095381B /* Utilities */ = {
			isa = PBXGroup;
			children = (
				73CB25041BF1F15C0095381B /* ApplicationInfoProvider.swift */,
				73CB25051BF1F15C0095381B /* Logger.swift */,
				73E31D191BF3EBAA00AFEBFC /* Task.swift */,
				73E31D1C1BF3EEF400AFEBFC /* Result.swift */,
			);
			path = Utilities;
			sourceTree = "<group>";
		};
		73CB25011BF1F1190095381B /* Extensions */ = {
			isa = PBXGroup;
			children = (
				73CB25021BF1F1540095381B /* String+Appledoc.swift */,
			);
			path = Extensions;
			sourceTree = "<group>";
		};
		73CB250B1BF1F1840095381B /* Support */ = {
			isa = PBXGroup;
			children = (
				73CB25261BF20D2F0095381B /* appledoc-Bridging-Header.h */,
				73CB250C1BF1F1A50095381B /* ApplicationVersion-AutoGenerated!.swift */,
			);
			path = Support;
			sourceTree = "<group>";
		};
		73CB25141BF20C990095381B /* Third Party */ = {
			isa = PBXGroup;
			children = (
				73CB25151BF20CBA0095381B /* GBCli */,
				73258E9F1BF2855E0034C0B8 /* Quick */,
				73258E9E1BF285580034C0B8 /* Nimble */,
			);
			name = "Third Party";
			path = ThirdParty;
			sourceTree = "<group>";
		};
		73CB25151BF20CBA0095381B /* GBCli */ = {
			isa = PBXGroup;
			children = (
				73CB25171BF20D150095381B /* GBCli.h */,
				73CB25181BF20D150095381B /* GBCommandLineParser.h */,
				73CB25191BF20D150095381B /* GBCommandLineParser.m */,
				73CB251A1BF20D150095381B /* GBOptionsHelper.h */,
				73CB251B1BF20D150095381B /* GBOptionsHelper.m */,
				73CB251C1BF20D150095381B /* GBPrint.h */,
				73CB251D1BF20D150095381B /* GBPrint.m */,
				73CB251E1BF20D150095381B /* GBSettings.h */,
				73CB251F1BF20D150095381B /* GBSettings.m */,
				73CB25201BF20D150095381B /* SwiftyOptions.swift */,
			);
			path = GBCli;
			sourceTree = "<group>";
		};
		73E31D201BF4D8BE00AFEBFC /* Application */ = {
			isa = PBXGroup;
			children = (
				73E31D241BF4DA5A00AFEBFC /* ApplicationSpec.swift */,
			);
			path = Application;
			sourceTree = "<group>";
		};
		73E31D231BF4DA2700AFEBFC /* Creation */ = {
			isa = PBXGroup;
			children = (
				73E31D261BF4DA6300AFEBFC /* Application+Tests.swift */,
				73E31D2A1BF4E33A00AFEBFC /* Parser+Tests.swift */,
				73E31D2C1BF4E59200AFEBFC /* Processor+Tests.swift */,
				73E31D2E1BF4E6B400AFEBFC /* Generator+Tests.swift */,
				73E31D281BF4DCF600AFEBFC /* CommandLineParser+Tests.swift */,
			);
			path = Creation;
			sourceTree = "<group>";
		};
		73F386DD1BF004520044BDBF /* tests */ = {
			isa = PBXGroup;
			children = (
				73E31D231BF4DA2700AFEBFC /* Creation */,
				73E31D201BF4D8BE00AFEBFC /* Application */,
				73F386E01BF004520044BDBF /* Info.plist */,
			);
			path = tests;
			sourceTree = "<group>";
		};
/* End PBXGroup section */

/* Begin PBXNativeTarget section */
		734AB7751BEFFEC6007B7A64 /* appledoc */ = {
			isa = PBXNativeTarget;
			buildConfigurationList = 734AB77D1BEFFEC6007B7A64 /* Build configuration list for PBXNativeTarget "appledoc" */;
			buildPhases = (
				734AB7721BEFFEC6007B7A64 /* Sources */,
				734AB7731BEFFEC6007B7A64 /* Frameworks */,
				73CB250F1BF1F1B80095381B /* Update Application Version and Build Number */,
			);
			buildRules = (
			);
			dependencies = (
			);
			name = appledoc;
			productName = appledoc;
			productReference = 734AB7761BEFFEC6007B7A64 /* appledoc */;
			productType = "com.apple.product-type.tool";
		};
		73F386DB1BF004520044BDBF /* tests */ = {
			isa = PBXNativeTarget;
			buildConfigurationList = 73F386E31BF004520044BDBF /* Build configuration list for PBXNativeTarget "tests" */;
			buildPhases = (
				73F386D81BF004520044BDBF /* Sources */,
				73F386D91BF004520044BDBF /* Frameworks */,
				73F386DA1BF004520044BDBF /* Resources */,
				73258EE61BF285FE0034C0B8 /* Copy Embedded Frameworks */,
			);
			buildRules = (
			);
			dependencies = (
				73258EF41BF287D60034C0B8 /* PBXTargetDependency */,
			);
			name = tests;
			productName = tests;
			productReference = 73F386DC1BF004520044BDBF /* tests.xctest */;
			productType = "com.apple.product-type.bundle.unit-test";
		};
/* End PBXNativeTarget section */

/* Begin PBXProject section */
		734AB76E1BEFFEC6007B7A64 /* Project object */ = {
			isa = PBXProject;
			attributes = {
				LastSwiftUpdateCheck = 0710;
				LastUpgradeCheck = 0710;
				ORGANIZATIONNAME = "Gentle Bytes";
				TargetAttributes = {
					734AB7751BEFFEC6007B7A64 = {
						CreatedOnToolsVersion = 7.1;
					};
					73F386DB1BF004520044BDBF = {
						CreatedOnToolsVersion = 7.1;
					};
				};
			};
			buildConfigurationList = 734AB7711BEFFEC6007B7A64 /* Build configuration list for PBXProject "appledoc" */;
			compatibilityVersion = "Xcode 3.2";
			developmentRegion = English;
			hasScannedForEncodings = 0;
			knownRegions = (
				en,
			);
			mainGroup = 734AB76D1BEFFEC6007B7A64;
			productRefGroup = 734AB7771BEFFEC6007B7A64 /* Products */;
			projectDirPath = "";
			projectReferences = (
				{
					ProductGroup = 73258EA11BF285840034C0B8 /* Products */;
					ProjectRef = 73258EA01BF285840034C0B8 /* Nimble.xcodeproj */;
				},
				{
					ProductGroup = 73258EB61BF2858C0034C0B8 /* Products */;
					ProjectRef = 73258EB51BF2858C0034C0B8 /* Quick.xcodeproj */;
				},
			);
			projectRoot = "";
			targets = (
				734AB7751BEFFEC6007B7A64 /* appledoc */,
				73F386DB1BF004520044BDBF /* tests */,
			);
		};
/* End PBXProject section */

/* Begin PBXReferenceProxy section */
		73258EAA1BF285840034C0B8 /* Nimble.framework */ = {
			isa = PBXReferenceProxy;
			fileType = wrapper.framework;
			path = Nimble.framework;
			remoteRef = 73258EA91BF285840034C0B8 /* PBXContainerItemProxy */;
			sourceTree = BUILT_PRODUCTS_DIR;
		};
		73258EAC1BF285840034C0B8 /* NimbleTests.xctest */ = {
			isa = PBXReferenceProxy;
			fileType = wrapper.cfbundle;
			path = NimbleTests.xctest;
			remoteRef = 73258EAB1BF285840034C0B8 /* PBXContainerItemProxy */;
			sourceTree = BUILT_PRODUCTS_DIR;
		};
		73258EAE1BF285840034C0B8 /* Nimble.framework */ = {
			isa = PBXReferenceProxy;
			fileType = wrapper.framework;
			path = Nimble.framework;
			remoteRef = 73258EAD1BF285840034C0B8 /* PBXContainerItemProxy */;
			sourceTree = BUILT_PRODUCTS_DIR;
		};
		73258EB01BF285840034C0B8 /* NimbleTests.xctest */ = {
			isa = PBXReferenceProxy;
			fileType = wrapper.cfbundle;
			path = NimbleTests.xctest;
			remoteRef = 73258EAF1BF285840034C0B8 /* PBXContainerItemProxy */;
			sourceTree = BUILT_PRODUCTS_DIR;
		};
		73258EB21BF285840034C0B8 /* Nimble.framework */ = {
			isa = PBXReferenceProxy;
			fileType = wrapper.framework;
			path = Nimble.framework;
			remoteRef = 73258EB11BF285840034C0B8 /* PBXContainerItemProxy */;
			sourceTree = BUILT_PRODUCTS_DIR;
		};
		73258EB41BF285840034C0B8 /* NimbleTests.xctest */ = {
			isa = PBXReferenceProxy;
			fileType = wrapper.cfbundle;
			path = NimbleTests.xctest;
			remoteRef = 73258EB31BF285840034C0B8 /* PBXContainerItemProxy */;
			sourceTree = BUILT_PRODUCTS_DIR;
		};
		73258EC21BF2858D0034C0B8 /* Quick.framework */ = {
			isa = PBXReferenceProxy;
			fileType = wrapper.framework;
			path = Quick.framework;
			remoteRef = 73258EC11BF2858D0034C0B8 /* PBXContainerItemProxy */;
			sourceTree = BUILT_PRODUCTS_DIR;
		};
		73258EC41BF2858D0034C0B8 /* Quick-OSXTests.xctest */ = {
			isa = PBXReferenceProxy;
			fileType = wrapper.cfbundle;
			path = "Quick-OSXTests.xctest";
			remoteRef = 73258EC31BF2858D0034C0B8 /* PBXContainerItemProxy */;
			sourceTree = BUILT_PRODUCTS_DIR;
		};
		73258EC61BF2858D0034C0B8 /* QuickFocused-OSXTests.xctest */ = {
			isa = PBXReferenceProxy;
			fileType = wrapper.cfbundle;
			path = "QuickFocused-OSXTests.xctest";
			remoteRef = 73258EC51BF2858D0034C0B8 /* PBXContainerItemProxy */;
			sourceTree = BUILT_PRODUCTS_DIR;
		};
		73258EC81BF2858D0034C0B8 /* Quick.framework */ = {
			isa = PBXReferenceProxy;
			fileType = wrapper.framework;
			path = Quick.framework;
			remoteRef = 73258EC71BF2858D0034C0B8 /* PBXContainerItemProxy */;
			sourceTree = BUILT_PRODUCTS_DIR;
		};
		73258ECA1BF2858D0034C0B8 /* Quick-iOSTests.xctest */ = {
			isa = PBXReferenceProxy;
			fileType = wrapper.cfbundle;
			path = "Quick-iOSTests.xctest";
			remoteRef = 73258EC91BF2858D0034C0B8 /* PBXContainerItemProxy */;
			sourceTree = BUILT_PRODUCTS_DIR;
		};
		73258ECC1BF2858D0034C0B8 /* QuickFocused-iOSTests.xctest */ = {
			isa = PBXReferenceProxy;
			fileType = wrapper.cfbundle;
			path = "QuickFocused-iOSTests.xctest";
			remoteRef = 73258ECB1BF2858D0034C0B8 /* PBXContainerItemProxy */;
			sourceTree = BUILT_PRODUCTS_DIR;
		};
		73258ECE1BF2858D0034C0B8 /* Quick.framework */ = {
			isa = PBXReferenceProxy;
			fileType = wrapper.framework;
			path = Quick.framework;
			remoteRef = 73258ECD1BF2858D0034C0B8 /* PBXContainerItemProxy */;
			sourceTree = BUILT_PRODUCTS_DIR;
		};
		73258ED01BF2858D0034C0B8 /* Quick-tvOSTests.xctest */ = {
			isa = PBXReferenceProxy;
			fileType = wrapper.cfbundle;
			path = "Quick-tvOSTests.xctest";
			remoteRef = 73258ECF1BF2858D0034C0B8 /* PBXContainerItemProxy */;
			sourceTree = BUILT_PRODUCTS_DIR;
		};
		73258ED21BF2858D0034C0B8 /* QuickFocused-tvOSTests.xctest */ = {
			isa = PBXReferenceProxy;
			fileType = wrapper.cfbundle;
			path = "QuickFocused-tvOSTests.xctest";
			remoteRef = 73258ED11BF2858D0034C0B8 /* PBXContainerItemProxy */;
			sourceTree = BUILT_PRODUCTS_DIR;
		};
/* End PBXReferenceProxy section */

/* Begin PBXResourcesBuildPhase section */
		73F386DA1BF004520044BDBF /* Resources */ = {
			isa = PBXResourcesBuildPhase;
			buildActionMask = 2147483647;
			files = (
			);
			runOnlyForDeploymentPostprocessing = 0;
		};
/* End PBXResourcesBuildPhase section */

/* Begin PBXShellScriptBuildPhase section */
		73CB250F1BF1F1B80095381B /* Update Application Version and Build Number */ = {
			isa = PBXShellScriptBuildPhase;
			buildActionMask = 2147483647;
			files = (
			);
			inputPaths = (
			);
			name = "Update Application Version and Build Number";
			outputPaths = (
				"${PROJECT_DIR}/appledoc/Common/Support/ApplicationVersion-AutoGenerated!.swift",
			);
			runOnlyForDeploymentPostprocessing = 0;
			shellPath = /bin/sh;
			shellScript = "export FILENAME=\"${PROJECT_DIR}/appledoc/Common/Support/ApplicationVersion-AutoGenerated!.swift\"\nexport APPLEDOC_VERSION=`git describe --abbrev=0 --tags`\nexport APPLEDOC_BUILD_NUMBER=`git rev-list --all|wc -l`\nexport COMPILE_DATE=\"$(date +'%D')\"\nexport COPYRIGHT_YEAR=`date \"+%Y\"`\n\necho \"${APPLEDOC_VERSION} ${APPLEDOC_BUILD_NUMBER}\"\necho \"Compiled on ${COMPILE_DATE}, Copyright year is ${COPYRIGHT_YEAR}\"\n\necho > ${FILENAME} \"/*\"\necho >> ${FILENAME} \"\"\necho >> ${FILENAME} \"AUTO GENERATED FILE - DO NOT EDIT MANUALLY!\"\necho >> ${FILENAME} \"\"\necho >> ${FILENAME} \"Created by Xcode build script on ${COMPILE_DATE}.\"\necho >> ${FILENAME} \"Copyright (c) ${COPYRIGHT_YEAR} Gentle Bytes. All rights reserved.\"\necho >> ${FILENAME} \"\"\necho >> ${FILENAME} \"*/\"\necho >> ${FILENAME} \"\"\necho >> ${FILENAME} \"import Foundation\"\necho >> ${FILENAME} \"\"\necho >> ${FILENAME} \"let GAppledocVersion = \\\"${APPLEDOC_VERSION}\\\"\"\necho >> ${FILENAME} \"let GAppledocBuildNumber = ${APPLEDOC_BUILD_NUMBER}\"\necho >> ${FILENAME} \"\"\n";
		};
/* End PBXShellScriptBuildPhase section */

/* Begin PBXSourcesBuildPhase section */
		734AB7721BEFFEC6007B7A64 /* Sources */ = {
			isa = PBXSourcesBuildPhase;
			buildActionMask = 2147483647;
			files = (
				73C6093D1BF0E674003085CF /* Options.swift in Sources */,
				73E31D1A1BF3EBAA00AFEBFC /* Task.swift in Sources */,
				73E31D0E1BF3AA6E00AFEBFC /* Generator.swift in Sources */,
				73E31D171BF3AD7100AFEBFC /* CommandLineParser.swift in Sources */,
				73CB25031BF1F1540095381B /* String+Appledoc.swift in Sources */,
				73CB25221BF20D150095381B /* GBOptionsHelper.m in Sources */,
				73CB25211BF20D150095381B /* GBCommandLineParser.m in Sources */,
				73C6093A1BF0E668003085CF /* Settings.swift in Sources */,
				73CB25251BF20D150095381B /* SwiftyOptions.swift in Sources */,
				73E31D0B1BF3AA5E00AFEBFC /* Processor.swift in Sources */,
				73E31CF91BF3AA5000AFEBFC /* Parser.swift in Sources */,
				73CB25231BF20D150095381B /* GBPrint.m in Sources */,
				73E31D141BF3AB1C00AFEBFC /* Store.swift in Sources */,
				73CB25071BF1F15C0095381B /* ApplicationInfoProvider.swift in Sources */,
				73CB25241BF20D150095381B /* GBSettings.m in Sources */,
				73CB250D1BF1F1A50095381B /* ApplicationVersion-AutoGenerated!.swift in Sources */,
				73E31D1D1BF3EEF400AFEBFC /* Result.swift in Sources */,
				73CB25081BF1F15C0095381B /* Logger.swift in Sources */,
				73C609371BF0E50A003085CF /* Application.swift in Sources */,
				734AB77A1BEFFEC6007B7A64 /* main.swift in Sources */,
			);
			runOnlyForDeploymentPostprocessing = 0;
		};
		73F386D81BF004520044BDBF /* Sources */ = {
			isa = PBXSourcesBuildPhase;
			buildActionMask = 2147483647;
			files = (
				73C609381BF0E50A003085CF /* Application.swift in Sources */,
				73E31D251BF4DA5A00AFEBFC /* ApplicationSpec.swift in Sources */,
				73E31D291BF4DCF600AFEBFC /* CommandLineParser+Tests.swift in Sources */,
				73CB252A1BF20D450095381B /* GBSettings.m in Sources */,
				73E31D2B1BF4E33A00AFEBFC /* Parser+Tests.swift in Sources */,
				73E31CFA1BF3AA5000AFEBFC /* Parser.swift in Sources */,
				73E31D151BF3AB1C00AFEBFC /* Store.swift in Sources */,
				73CB25281BF20D450095381B /* GBOptionsHelper.m in Sources */,
				73CB25271BF20D450095381B /* GBCommandLineParser.m in Sources */,
				73F386E51BF0063A0044BDBF /* main.swift in Sources */,
				73CB25101BF1F30E0095381B /* ApplicationInfoProvider.swift in Sources */,
				73C6093B1BF0E668003085CF /* Settings.swift in Sources */,
				73CB25291BF20D450095381B /* GBPrint.m in Sources */,
				73CB252B1BF20D450095381B /* SwiftyOptions.swift in Sources */,
				73E31D0F1BF3AA6E00AFEBFC /* Generator.swift in Sources */,
				73E31D0C1BF3AA5E00AFEBFC /* Processor.swift in Sources */,
				73E31D1E1BF3EEF400AFEBFC /* Result.swift in Sources */,
				73C6093E1BF0E674003085CF /* Options.swift in Sources */,
				73E31D181BF3AD7100AFEBFC /* CommandLineParser.swift in Sources */,
				73CB25131BF1F31B0095381B /* String+Appledoc.swift in Sources */,
				73E31D271BF4DA6300AFEBFC /* Application+Tests.swift in Sources */,
				73E31D2F1BF4E6B400AFEBFC /* Generator+Tests.swift in Sources */,
				73E31D2D1BF4E59200AFEBFC /* Processor+Tests.swift in Sources */,
				73E31D1B1BF3EBAA00AFEBFC /* Task.swift in Sources */,
				73CB250E1BF1F1A50095381B /* ApplicationVersion-AutoGenerated!.swift in Sources */,
				73CB25111BF1F3110095381B /* Logger.swift in Sources */,
			);
			runOnlyForDeploymentPostprocessing = 0;
		};
/* End PBXSourcesBuildPhase section */

/* Begin PBXTargetDependency section */
		73258EF41BF287D60034C0B8 /* PBXTargetDependency */ = {
			isa = PBXTargetDependency;
			target = 734AB7751BEFFEC6007B7A64 /* appledoc */;
			targetProxy = 73258EF31BF287D60034C0B8 /* PBXContainerItemProxy */;
		};
/* End PBXTargetDependency section */

/* Begin XCBuildConfiguration section */
		734AB77B1BEFFEC6007B7A64 /* Debug */ = {
			isa = XCBuildConfiguration;
			buildSettings = {
				ALWAYS_SEARCH_USER_PATHS = NO;
				CLANG_CXX_LANGUAGE_STANDARD = "gnu++0x";
				CLANG_CXX_LIBRARY = "libc++";
				CLANG_ENABLE_MODULES = YES;
				CLANG_ENABLE_OBJC_ARC = YES;
				CLANG_WARN_BOOL_CONVERSION = YES;
				CLANG_WARN_CONSTANT_CONVERSION = YES;
				CLANG_WARN_DIRECT_OBJC_ISA_USAGE = YES_ERROR;
				CLANG_WARN_EMPTY_BODY = YES;
				CLANG_WARN_ENUM_CONVERSION = YES;
				CLANG_WARN_INT_CONVERSION = YES;
				CLANG_WARN_OBJC_ROOT_CLASS = YES_ERROR;
				CLANG_WARN_UNREACHABLE_CODE = YES;
				CLANG_WARN__DUPLICATE_METHOD_MATCH = YES;
				CODE_SIGN_IDENTITY = "-";
				COPY_PHASE_STRIP = NO;
				DEBUG_INFORMATION_FORMAT = dwarf;
				ENABLE_STRICT_OBJC_MSGSEND = YES;
				ENABLE_TESTABILITY = YES;
				GCC_C_LANGUAGE_STANDARD = gnu99;
				GCC_DYNAMIC_NO_PIC = NO;
				GCC_NO_COMMON_BLOCKS = YES;
				GCC_OPTIMIZATION_LEVEL = 0;
				GCC_PREPROCESSOR_DEFINITIONS = (
					"DEBUG=1",
					"$(inherited)",
				);
				GCC_WARN_64_TO_32_BIT_CONVERSION = YES;
				GCC_WARN_ABOUT_RETURN_TYPE = YES_ERROR;
				GCC_WARN_UNDECLARED_SELECTOR = YES;
				GCC_WARN_UNINITIALIZED_AUTOS = YES_AGGRESSIVE;
				GCC_WARN_UNUSED_FUNCTION = YES;
				GCC_WARN_UNUSED_VARIABLE = YES;
				MACOSX_DEPLOYMENT_TARGET = 10.10;
				MTL_ENABLE_DEBUG_INFO = YES;
				ONLY_ACTIVE_ARCH = YES;
				SDKROOT = macosx;
				SWIFT_OPTIMIZATION_LEVEL = "-Onone";
			};
			name = Debug;
		};
		734AB77C1BEFFEC6007B7A64 /* Release */ = {
			isa = XCBuildConfiguration;
			buildSettings = {
				ALWAYS_SEARCH_USER_PATHS = NO;
				CLANG_CXX_LANGUAGE_STANDARD = "gnu++0x";
				CLANG_CXX_LIBRARY = "libc++";
				CLANG_ENABLE_MODULES = YES;
				CLANG_ENABLE_OBJC_ARC = YES;
				CLANG_WARN_BOOL_CONVERSION = YES;
				CLANG_WARN_CONSTANT_CONVERSION = YES;
				CLANG_WARN_DIRECT_OBJC_ISA_USAGE = YES_ERROR;
				CLANG_WARN_EMPTY_BODY = YES;
				CLANG_WARN_ENUM_CONVERSION = YES;
				CLANG_WARN_INT_CONVERSION = YES;
				CLANG_WARN_OBJC_ROOT_CLASS = YES_ERROR;
				CLANG_WARN_UNREACHABLE_CODE = YES;
				CLANG_WARN__DUPLICATE_METHOD_MATCH = YES;
				CODE_SIGN_IDENTITY = "-";
				COPY_PHASE_STRIP = NO;
				DEBUG_INFORMATION_FORMAT = "dwarf-with-dsym";
				ENABLE_NS_ASSERTIONS = NO;
				ENABLE_STRICT_OBJC_MSGSEND = YES;
				GCC_C_LANGUAGE_STANDARD = gnu99;
				GCC_NO_COMMON_BLOCKS = YES;
				GCC_WARN_64_TO_32_BIT_CONVERSION = YES;
				GCC_WARN_ABOUT_RETURN_TYPE = YES_ERROR;
				GCC_WARN_UNDECLARED_SELECTOR = YES;
				GCC_WARN_UNINITIALIZED_AUTOS = YES_AGGRESSIVE;
				GCC_WARN_UNUSED_FUNCTION = YES;
				GCC_WARN_UNUSED_VARIABLE = YES;
				MACOSX_DEPLOYMENT_TARGET = 10.10;
				MTL_ENABLE_DEBUG_INFO = NO;
				SDKROOT = macosx;
			};
			name = Release;
		};
		734AB77E1BEFFEC6007B7A64 /* Debug */ = {
			isa = XCBuildConfiguration;
			buildSettings = {
				CLANG_ENABLE_MODULES = YES;
				LD_RUNPATH_SEARCH_PATHS = "$(inherited) @executable_path/../Frameworks @loader_path/../Frameworks";
				PRODUCT_NAME = "$(TARGET_NAME)";
				SWIFT_OBJC_BRIDGING_HEADER = "appledoc/Common/Support/appledoc-Bridging-Header.h";
				SWIFT_OPTIMIZATION_LEVEL = "-Onone";
			};
			name = Debug;
		};
		734AB77F1BEFFEC6007B7A64 /* Release */ = {
			isa = XCBuildConfiguration;
			buildSettings = {
				CLANG_ENABLE_MODULES = YES;
				LD_RUNPATH_SEARCH_PATHS = "$(inherited) @executable_path/../Frameworks @loader_path/../Frameworks";
				PRODUCT_NAME = "$(TARGET_NAME)";
				SWIFT_OBJC_BRIDGING_HEADER = "appledoc/Common/Support/appledoc-Bridging-Header.h";
			};
			name = Release;
		};
		73F386E11BF004520044BDBF /* Debug */ = {
			isa = XCBuildConfiguration;
			buildSettings = {
				COMBINE_HIDPI_IMAGES = YES;
				INFOPLIST_FILE = tests/Info.plist;
				LD_RUNPATH_SEARCH_PATHS = "$(inherited) @executable_path/../Frameworks @loader_path/../Frameworks";
				PRODUCT_BUNDLE_IDENTIFIER = com.gentlebytes.appledoc.tests;
				PRODUCT_NAME = "$(TARGET_NAME)";
				SWIFT_OBJC_BRIDGING_HEADER = "appledoc/Common/Support/appledoc-Bridging-Header.h";
			};
			name = Debug;
		};
		73F386E21BF004520044BDBF /* Release */ = {
			isa = XCBuildConfiguration;
			buildSettings = {
				COMBINE_HIDPI_IMAGES = YES;
				INFOPLIST_FILE = tests/Info.plist;
				LD_RUNPATH_SEARCH_PATHS = "$(inherited) @executable_path/../Frameworks @loader_path/../Frameworks";
				PRODUCT_BUNDLE_IDENTIFIER = com.gentlebytes.appledoc.tests;
				PRODUCT_NAME = "$(TARGET_NAME)";
				SWIFT_OBJC_BRIDGING_HEADER = "appledoc/Common/Support/appledoc-Bridging-Header.h";
			};
			name = Release;
		};
/* End XCBuildConfiguration section */

/* Begin XCConfigurationList section */
		734AB7711BEFFEC6007B7A64 /* Build configuration list for PBXProject "appledoc" */ = {
			isa = XCConfigurationList;
			buildConfigurations = (
				734AB77B1BEFFEC6007B7A64 /* Debug */,
				734AB77C1BEFFEC6007B7A64 /* Release */,
			);
			defaultConfigurationIsVisible = 0;
			defaultConfigurationName = Release;
		};
		734AB77D1BEFFEC6007B7A64 /* Build configuration list for PBXNativeTarget "appledoc" */ = {
			isa = XCConfigurationList;
			buildConfigurations = (
				734AB77E1BEFFEC6007B7A64 /* Debug */,
				734AB77F1BEFFEC6007B7A64 /* Release */,
			);
			defaultConfigurationIsVisible = 0;
			defaultConfigurationName = Release;
		};
		73F386E31BF004520044BDBF /* Build configuration list for PBXNativeTarget "tests" */ = {
			isa = XCConfigurationList;
			buildConfigurations = (
				73F386E11BF004520044BDBF /* Debug */,
				73F386E21BF004520044BDBF /* Release */,
			);
			defaultConfigurationIsVisible = 0;
			defaultConfigurationName = Release;
		};
/* End XCConfigurationList section */
	};
	rootObject = 734AB76E1BEFFEC6007B7A64 /* Project object */;
}
